
Microsoft Visual Studio Solution File, Format Version 12.00
# Visual Studio Version 16
VisualStudioVersion = 16.0.29920.165
MinimumVisualStudioVersion = 10.0.40219.1
Project("{FAE04EC0-301F-11D3-BF4B-00C04F79EFBC}") = "PB-Emlak", "PB-Emlak.csproj", "{A4B68EB9-F872-4B9F-8EDD-18CB4C7D7F40}"
EndProject
Global
	GlobalSection(SolutionConfigurationPlatforms) = preSolution
		Debug|Any CPU = Debug|Any CPU
		Release|Any CPU = Release|Any CPU
	EndGlobalSection
	GlobalSection(ProjectConfigurationPlatforms) = postSolution
		{A4B68EB9-F872-4B9F-8EDD-18CB4C7D7F40}.Debug|Any CPU.ActiveCfg = Debug|Any CPU
		{A4B68EB9-F872-4B9F-8EDD-18CB4C7D7F40}.Debug|Any CPU.Build.0 = Debug|Any CPU
		{A4B68EB9-F872-4B9F-8EDD-18CB4C7D7F40}.Release|Any CPU.ActiveCfg = Release|Any CPU
		{A4B68EB9-F872-4B9F-8EDD-18CB4C7D7F40}.Release|Any CPU.Build.0 = Release|Any CPU
	EndGlobalSection
	GlobalSection(SolutionProperties) = preSolution
		HideSolutionNode = FALSE
	EndGlobalSection
	GlobalSection(ExtensibilityGlobals) = postSolution
		SolutionGuid = {C8629C22-667A-4B2B-940F-D64B6081FB73}
	EndGlobalSection
EndGlobal
